
Microsoft Visual Studio Solution File, Format Version 12.00
# Visual Studio Version 17
VisualStudioVersion = 17.0.31903.59
MinimumVisualStudioVersion = 10.0.40219.1
Project("{FAE04EC0-301F-11D3-BF4B-00C04F79EFBC}") = "TennisTournament.Domain", "TennisTournament.Domain\TennisTournament.Domain.csproj", "{35A2D958-7D9A-4A48-BDAC-5C7CD77049DC}"
EndProject
Project("{FAE04EC0-301F-11D3-BF4B-00C04F79EFBC}") = "TennisTournament.Application", "TennisTournament.Application\TennisTournament.Application.csproj", "{2DDA795F-294B-4571-82AD-7919EC3FAFEE}"
EndProject
Project("{FAE04EC0-301F-11D3-BF4B-00C04F79EFBC}") = "TennisTournament.Infrastructure", "TennisTournament.Infrastructure\TennisTournament.Infrastructure.csproj", "{044C6DD6-1831-4511-8ABE-6CAA36C2E90B}"
EndProject
Project("{FAE04EC0-301F-11D3-BF4B-00C04F79EFBC}") = "TennisTournament.API", "TennisTournament.API\TennisTournament.API.csproj", "{19E02EC8-97E2-4435-BB2A-0EF4AC8B0E5B}"
EndProject
Project("{FAE04EC0-301F-11D3-BF4B-00C04F79EFBC}") = "TennisTournament.Tests.Unit", "TennisTournament.Tests.Unit\TennisTournament.Tests.Unit.csproj", "{B758F699-749E-4365-B696-FB8A20D59380}"
EndProject
Project("{FAE04EC0-301F-11D3-BF4B-00C04F79EFBC}") = "TennisTournament.Tests.Integration", "TennisTournament.Tests.Integration\TennisTournament.Tests.Integration.csproj", "{A5C3730F-7D17-4A42-8B19-94FB28B3C8B2}"
EndProject
Global
	GlobalSection(SolutionConfigurationPlatforms) = preSolution
		Debug|Any CPU = Debug|Any CPU
		Debug|x64 = Debug|x64
		Debug|x86 = Debug|x86
		Release|Any CPU = Release|Any CPU
		Release|x64 = Release|x64
		Release|x86 = Release|x86
	EndGlobalSection
	GlobalSection(ProjectConfigurationPlatforms) = postSolution
		{35A2D958-7D9A-4A48-BDAC-5C7CD77049DC}.Debug|Any CPU.ActiveCfg = Debug|Any CPU
		{35A2D958-7D9A-4A48-BDAC-5C7CD77049DC}.Debug|Any CPU.Build.0 = Debug|Any CPU
		{35A2D958-7D9A-4A48-BDAC-5C7CD77049DC}.Debug|x64.ActiveCfg = Debug|Any CPU
		{35A2D958-7D9A-4A48-BDAC-5C7CD77049DC}.Debug|x64.Build.0 = Debug|Any CPU
		{35A2D958-7D9A-4A48-BDAC-5C7CD77049DC}.Debug|x86.ActiveCfg = Debug|Any CPU
		{35A2D958-7D9A-4A48-BDAC-5C7CD77049DC}.Debug|x86.Build.0 = Debug|Any CPU
		{35A2D958-7D9A-4A48-BDAC-5C7CD77049DC}.Release|Any CPU.ActiveCfg = Release|Any CPU
		{35A2D958-7D9A-4A48-BDAC-5C7CD77049DC}.Release|Any CPU.Build.0 = Release|Any CPU
		{35A2D958-7D9A-4A48-BDAC-5C7CD77049DC}.Release|x64.ActiveCfg = Release|Any CPU
		{35A2D958-7D9A-4A48-BDAC-5C7CD77049DC}.Release|x64.Build.0 = Release|Any CPU
		{35A2D958-7D9A-4A48-BDAC-5C7CD77049DC}.Release|x86.ActiveCfg = Release|Any CPU
		{35A2D958-7D9A-4A48-BDAC-5C7CD77049DC}.Release|x86.Build.0 = Release|Any CPU
		{2DDA795F-294B-4571-82AD-7919EC3FAFEE}.Debug|Any CPU.ActiveCfg = Debug|Any CPU
		{2DDA795F-294B-4571-82AD-7919EC3FAFEE}.Debug|Any CPU.Build.0 = Debug|Any CPU
		{2DDA795F-294B-4571-82AD-7919EC3FAFEE}.Debug|x64.ActiveCfg = Debug|Any CPU
		{2DDA795F-294B-4571-82AD-7919EC3FAFEE}.Debug|x64.Build.0 = Debug|Any CPU
		{2DDA795F-294B-4571-82AD-7919EC3FAFEE}.Debug|x86.ActiveCfg = Debug|Any CPU
		{2DDA795F-294B-4571-82AD-7919EC3FAFEE}.Debug|x86.Build.0 = Debug|Any CPU
		{2DDA795F-294B-4571-82AD-7919EC3FAFEE}.Release|Any CPU.ActiveCfg = Release|Any CPU
		{2DDA795F-294B-4571-82AD-7919EC3FAFEE}.Release|Any CPU.Build.0 = Release|Any CPU
		{2DDA795F-294B-4571-82AD-7919EC3FAFEE}.Release|x64.ActiveCfg = Release|Any CPU
		{2DDA795F-294B-4571-82AD-7919EC3FAFEE}.Release|x64.Build.0 = Release|Any CPU
		{2DDA795F-294B-4571-82AD-7919EC3FAFEE}.Release|x86.ActiveCfg = Release|Any CPU
		{2DDA795F-294B-4571-82AD-7919EC3FAFEE}.Release|x86.Build.0 = Release|Any CPU
		{044C6DD6-1831-4511-8ABE-6CAA36C2E90B}.Debug|Any CPU.ActiveCfg = Debug|Any CPU
		{044C6DD6-1831-4511-8ABE-6CAA36C2E90B}.Debug|Any CPU.Build.0 = Debug|Any CPU
		{044C6DD6-1831-4511-8ABE-6CAA36C2E90B}.Debug|x64.ActiveCfg = Debug|Any CPU
		{044C6DD6-1831-4511-8ABE-6CAA36C2E90B}.Debug|x64.Build.0 = Debug|Any CPU
		{044C6DD6-1831-4511-8ABE-6CAA36C2E90B}.Debug|x86.ActiveCfg = Debug|Any CPU
		{044C6DD6-1831-4511-8ABE-6CAA36C2E90B}.Debug|x86.Build.0 = Debug|Any CPU
		{044C6DD6-1831-4511-8ABE-6CAA36C2E90B}.Release|Any CPU.ActiveCfg = Release|Any CPU
		{044C6DD6-1831-4511-8ABE-6CAA36C2E90B}.Release|Any CPU.Build.0 = Release|Any CPU
		{044C6DD6-1831-4511-8ABE-6CAA36C2E90B}.Release|x64.ActiveCfg = Release|Any CPU
		{044C6DD6-1831-4511-8ABE-6CAA36C2E90B}.Release|x64.Build.0 = Release|Any CPU
		{044C6DD6-1831-4511-8ABE-6CAA36C2E90B}.Release|x86.ActiveCfg = Release|Any CPU
		{044C6DD6-1831-4511-8ABE-6CAA36C2E90B}.Release|x86.Build.0 = Release|Any CPU
		{19E02EC8-97E2-4435-BB2A-0EF4AC8B0E5B}.Debug|Any CPU.ActiveCfg = Debug|Any CPU
		{19E02EC8-97E2-4435-BB2A-0EF4AC8B0E5B}.Debug|Any CPU.Build.0 = Debug|Any CPU
		{19E02EC8-97E2-4435-BB2A-0EF4AC8B0E5B}.Debug|x64.ActiveCfg = Debug|Any CPU
		{19E02EC8-97E2-4435-BB2A-0EF4AC8B0E5B}.Debug|x64.Build.0 = Debug|Any CPU
		{19E02EC8-97E2-4435-BB2A-0EF4AC8B0E5B}.Debug|x86.ActiveCfg = Debug|Any CPU
		{19E02EC8-97E2-4435-BB2A-0EF4AC8B0E5B}.Debug|x86.Build.0 = Debug|Any CPU
		{19E02EC8-97E2-4435-BB2A-0EF4AC8B0E5B}.Release|Any CPU.ActiveCfg = Release|Any CPU
		{19E02EC8-97E2-4435-BB2A-0EF4AC8B0E5B}.Release|Any CPU.Build.0 = Release|Any CPU
		{19E02EC8-97E2-4435-BB2A-0EF4AC8B0E5B}.Release|x64.ActiveCfg = Release|Any CPU
		{19E02EC8-97E2-4435-BB2A-0EF4AC8B0E5B}.Release|x64.Build.0 = Release|Any CPU
		{19E02EC8-97E2-4435-BB2A-0EF4AC8B0E5B}.Release|x86.ActiveCfg = Release|Any CPU
		{19E02EC8-97E2-4435-BB2A-0EF4AC8B0E5B}.Release|x86.Build.0 = Release|Any CPU
		{B758F699-749E-4365-B696-FB8A20D59380}.Debug|Any CPU.ActiveCfg = Debug|Any CPU
		{B758F699-749E-4365-B696-FB8A20D59380}.Debug|Any CPU.Build.0 = Debug|Any CPU
		{B758F699-749E-4365-B696-FB8A20D59380}.Debug|x64.ActiveCfg = Debug|Any CPU
		{B758F699-749E-4365-B696-FB8A20D59380}.Debug|x64.Build.0 = Debug|Any CPU
		{B758F699-749E-4365-B696-FB8A20D59380}.Debug|x86.ActiveCfg = Debug|Any CPU
		{B758F699-749E-4365-B696-FB8A20D59380}.Debug|x86.Build.0 = Debug|Any CPU
		{B758F699-749E-4365-B696-FB8A20D59380}.Release|Any CPU.ActiveCfg = Release|Any CPU
		{B758F699-749E-4365-B696-FB8A20D59380}.Release|Any CPU.Build.0 = Release|Any CPU
		{B758F699-749E-4365-B696-FB8A20D59380}.Release|x64.ActiveCfg = Release|Any CPU
		{B758F699-749E-4365-B696-FB8A20D59380}.Release|x64.Build.0 = Release|Any CPU
		{B758F699-749E-4365-B696-FB8A20D59380}.Release|x86.ActiveCfg = Release|Any CPU
		{B758F699-749E-4365-B696-FB8A20D59380}.Release|x86.Build.0 = Release|Any CPU
		{A5C3730F-7D17-4A42-8B19-94FB28B3C8B2}.Debug|Any CPU.ActiveCfg = Debug|Any CPU
		{A5C3730F-7D17-4A42-8B19-94FB28B3C8B2}.Debug|Any CPU.Build.0 = Debug|Any CPU
		{A5C3730F-7D17-4A42-8B19-94FB28B3C8B2}.Debug|x64.ActiveCfg = Debug|Any CPU
		{A5C3730F-7D17-4A42-8B19-94FB28B3C8B2}.Debug|x64.Build.0 = Debug|Any CPU
		{A5C3730F-7D17-4A42-8B19-94FB28B3C8B2}.Debug|x86.ActiveCfg = Debug|Any CPU
		{A5C3730F-7D17-4A42-8B19-94FB28B3C8B2}.Debug|x86.Build.0 = Debug|Any CPU
		{A5C3730F-7D17-4A42-8B19-94FB28B3C8B2}.Release|Any CPU.ActiveCfg = Release|Any CPU
		{A5C3730F-7D17-4A42-8B19-94FB28B3C8B2}.Release|Any CPU.Build.0 = Release|Any CPU
		{A5C3730F-7D17-4A42-8B19-94FB28B3C8B2}.Release|x64.ActiveCfg = Release|Any CPU
		{A5C3730F-7D17-4A42-8B19-94FB28B3C8B2}.Release|x64.Build.0 = Release|Any CPU
		{A5C3730F-7D17-4A42-8B19-94FB28B3C8B2}.Release|x86.ActiveCfg = Release|Any CPU
		{A5C3730F-7D17-4A42-8B19-94FB28B3C8B2}.Release|x86.Build.0 = Release|Any CPU
	EndGlobalSection
	GlobalSection(SolutionProperties) = preSolution
		HideSolutionNode = FALSE
	EndGlobalSection
EndGlobal
