
Microsoft Visual Studio Solution File, Format Version 12.00
# Visual Studio Version 17
VisualStudioVersion = 17.0.31903.59
MinimumVisualStudioVersion = 10.0.40219.1
Project("{FAE04EC0-301F-11D3-BF4B-00C04F79EFBC}") = "TennisTournament.Domain", "TennisTournament.Domain\TennisTournament.Domain.csproj", "{A90B3978-9EF2-402F-BB4F-64FF504D696E}"
EndProject
Project("{FAE04EC0-301F-11D3-BF4B-00C04F79EFBC}") = "TennisTournament.Application", "TennisTournament.Application\TennisTournament.Application.csproj", "{19EF488D-E0F4-4E9F-95C6-CD88DB304792}"
EndProject
Project("{FAE04EC0-301F-11D3-BF4B-00C04F79EFBC}") = "TennisTournament.Infrastructure", "TennisTournament.Infrastructure\TennisTournament.Infrastructure.csproj", "{6DDBE6B6-3EAF-4EF3-B0E6-92F31319C514}"
EndProject
Project("{FAE04EC0-301F-11D3-BF4B-00C04F79EFBC}") = "TennisTournament.API", "TennisTournament.API\TennisTournament.API.csproj", "{FA2EE156-B6EA-4957-87FF-81CFF4BF49B2}"
EndProject
Project("{FAE04EC0-301F-11D3-BF4B-00C04F79EFBC}") = "TennisTournament.Tests.Unit", "TennisTournament.Tests.Unit\TennisTournament.Tests.Unit.csproj", "{D558450C-8E63-499B-9341-E00CB9015BBF}"
EndProject
Project("{FAE04EC0-301F-11D3-BF4B-00C04F79EFBC}") = "TennisTournament.Tests.Integration", "TennisTournament.Tests.Integration\TennisTournament.Tests.Integration.csproj", "{3D186DA1-CAA5-476A-B013-7D9DD1334EE5}"
EndProject
Global
	GlobalSection(SolutionConfigurationPlatforms) = preSolution
		Debug|Any CPU = Debug|Any CPU
		Debug|x64 = Debug|x64
		Debug|x86 = Debug|x86
		Release|Any CPU = Release|Any CPU
		Release|x64 = Release|x64
		Release|x86 = Release|x86
	EndGlobalSection
	GlobalSection(ProjectConfigurationPlatforms) = postSolution
		{A90B3978-9EF2-402F-BB4F-64FF504D696E}.Debug|Any CPU.ActiveCfg = Debug|Any CPU
		{A90B3978-9EF2-402F-BB4F-64FF504D696E}.Debug|Any CPU.Build.0 = Debug|Any CPU
		{A90B3978-9EF2-402F-BB4F-64FF504D696E}.Debug|x64.ActiveCfg = Debug|Any CPU
		{A90B3978-9EF2-402F-BB4F-64FF504D696E}.Debug|x64.Build.0 = Debug|Any CPU
		{A90B3978-9EF2-402F-BB4F-64FF504D696E}.Debug|x86.ActiveCfg = Debug|Any CPU
		{A90B3978-9EF2-402F-BB4F-64FF504D696E}.Debug|x86.Build.0 = Debug|Any CPU
		{A90B3978-9EF2-402F-BB4F-64FF504D696E}.Release|Any CPU.ActiveCfg = Release|Any CPU
		{A90B3978-9EF2-402F-BB4F-64FF504D696E}.Release|Any CPU.Build.0 = Release|Any CPU
		{A90B3978-9EF2-402F-BB4F-64FF504D696E}.Release|x64.ActiveCfg = Release|Any CPU
		{A90B3978-9EF2-402F-BB4F-64FF504D696E}.Release|x64.Build.0 = Release|Any CPU
		{A90B3978-9EF2-402F-BB4F-64FF504D696E}.Release|x86.ActiveCfg = Release|Any CPU
		{A90B3978-9EF2-402F-BB4F-64FF504D696E}.Release|x86.Build.0 = Release|Any CPU
		{19EF488D-E0F4-4E9F-95C6-CD88DB304792}.Debug|Any CPU.ActiveCfg = Debug|Any CPU
		{19EF488D-E0F4-4E9F-95C6-CD88DB304792}.Debug|Any CPU.Build.0 = Debug|Any CPU
		{19EF488D-E0F4-4E9F-95C6-CD88DB304792}.Debug|x64.ActiveCfg = Debug|Any CPU
		{19EF488D-E0F4-4E9F-95C6-CD88DB304792}.Debug|x64.Build.0 = Debug|Any CPU
		{19EF488D-E0F4-4E9F-95C6-CD88DB304792}.Debug|x86.ActiveCfg = Debug|Any CPU
		{19EF488D-E0F4-4E9F-95C6-CD88DB304792}.Debug|x86.Build.0 = Debug|Any CPU
		{19EF488D-E0F4-4E9F-95C6-CD88DB304792}.Release|Any CPU.ActiveCfg = Release|Any CPU
		{19EF488D-E0F4-4E9F-95C6-CD88DB304792}.Release|Any CPU.Build.0 = Release|Any CPU
		{19EF488D-E0F4-4E9F-95C6-CD88DB304792}.Release|x64.ActiveCfg = Release|Any CPU
		{19EF488D-E0F4-4E9F-95C6-CD88DB304792}.Release|x64.Build.0 = Release|Any CPU
		{19EF488D-E0F4-4E9F-95C6-CD88DB304792}.Release|x86.ActiveCfg = Release|Any CPU
		{19EF488D-E0F4-4E9F-95C6-CD88DB304792}.Release|x86.Build.0 = Release|Any CPU
		{6DDBE6B6-3EAF-4EF3-B0E6-92F31319C514}.Debug|Any CPU.ActiveCfg = Debug|Any CPU
		{6DDBE6B6-3EAF-4EF3-B0E6-92F31319C514}.Debug|Any CPU.Build.0 = Debug|Any CPU
		{6DDBE6B6-3EAF-4EF3-B0E6-92F31319C514}.Debug|x64.ActiveCfg = Debug|Any CPU
		{6DDBE6B6-3EAF-4EF3-B0E6-92F31319C514}.Debug|x64.Build.0 = Debug|Any CPU
		{6DDBE6B6-3EAF-4EF3-B0E6-92F31319C514}.Debug|x86.ActiveCfg = Debug|Any CPU
		{6DDBE6B6-3EAF-4EF3-B0E6-92F31319C514}.Debug|x86.Build.0 = Debug|Any CPU
		{6DDBE6B6-3EAF-4EF3-B0E6-92F31319C514}.Release|Any CPU.ActiveCfg = Release|Any CPU
		{6DDBE6B6-3EAF-4EF3-B0E6-92F31319C514}.Release|Any CPU.Build.0 = Release|Any CPU
		{6DDBE6B6-3EAF-4EF3-B0E6-92F31319C514}.Release|x64.ActiveCfg = Release|Any CPU
		{6DDBE6B6-3EAF-4EF3-B0E6-92F31319C514}.Release|x64.Build.0 = Release|Any CPU
		{6DDBE6B6-3EAF-4EF3-B0E6-92F31319C514}.Release|x86.ActiveCfg = Release|Any CPU
		{6DDBE6B6-3EAF-4EF3-B0E6-92F31319C514}.Release|x86.Build.0 = Release|Any CPU
		{FA2EE156-B6EA-4957-87FF-81CFF4BF49B2}.Debug|Any CPU.ActiveCfg = Debug|Any CPU
		{FA2EE156-B6EA-4957-87FF-81CFF4BF49B2}.Debug|Any CPU.Build.0 = Debug|Any CPU
		{FA2EE156-B6EA-4957-87FF-81CFF4BF49B2}.Debug|x64.ActiveCfg = Debug|Any CPU
		{FA2EE156-B6EA-4957-87FF-81CFF4BF49B2}.Debug|x64.Build.0 = Debug|Any CPU
		{FA2EE156-B6EA-4957-87FF-81CFF4BF49B2}.Debug|x86.ActiveCfg = Debug|Any CPU
		{FA2EE156-B6EA-4957-87FF-81CFF4BF49B2}.Debug|x86.Build.0 = Debug|Any CPU
		{FA2EE156-B6EA-4957-87FF-81CFF4BF49B2}.Release|Any CPU.ActiveCfg = Release|Any CPU
		{FA2EE156-B6EA-4957-87FF-81CFF4BF49B2}.Release|Any CPU.Build.0 = Release|Any CPU
		{FA2EE156-B6EA-4957-87FF-81CFF4BF49B2}.Release|x64.ActiveCfg = Release|Any CPU
		{FA2EE156-B6EA-4957-87FF-81CFF4BF49B2}.Release|x64.Build.0 = Release|Any CPU
		{FA2EE156-B6EA-4957-87FF-81CFF4BF49B2}.Release|x86.ActiveCfg = Release|Any CPU
		{FA2EE156-B6EA-4957-87FF-81CFF4BF49B2}.Release|x86.Build.0 = Release|Any CPU
		{D558450C-8E63-499B-9341-E00CB9015BBF}.Debug|Any CPU.ActiveCfg = Debug|Any CPU
		{D558450C-8E63-499B-9341-E00CB9015BBF}.Debug|Any CPU.Build.0 = Debug|Any CPU
		{D558450C-8E63-499B-9341-E00CB9015BBF}.Debug|x64.ActiveCfg = Debug|Any CPU
		{D558450C-8E63-499B-9341-E00CB9015BBF}.Debug|x64.Build.0 = Debug|Any CPU
		{D558450C-8E63-499B-9341-E00CB9015BBF}.Debug|x86.ActiveCfg = Debug|Any CPU
		{D558450C-8E63-499B-9341-E00CB9015BBF}.Debug|x86.Build.0 = Debug|Any CPU
		{D558450C-8E63-499B-9341-E00CB9015BBF}.Release|Any CPU.ActiveCfg = Release|Any CPU
		{D558450C-8E63-499B-9341-E00CB9015BBF}.Release|Any CPU.Build.0 = Release|Any CPU
		{D558450C-8E63-499B-9341-E00CB9015BBF}.Release|x64.ActiveCfg = Release|Any CPU
		{D558450C-8E63-499B-9341-E00CB9015BBF}.Release|x64.Build.0 = Release|Any CPU
		{D558450C-8E63-499B-9341-E00CB9015BBF}.Release|x86.ActiveCfg = Release|Any CPU
		{D558450C-8E63-499B-9341-E00CB9015BBF}.Release|x86.Build.0 = Release|Any CPU
		{3D186DA1-CAA5-476A-B013-7D9DD1334EE5}.Debug|Any CPU.ActiveCfg = Debug|Any CPU
		{3D186DA1-CAA5-476A-B013-7D9DD1334EE5}.Debug|Any CPU.Build.0 = Debug|Any CPU
		{3D186DA1-CAA5-476A-B013-7D9DD1334EE5}.Debug|x64.ActiveCfg = Debug|Any CPU
		{3D186DA1-CAA5-476A-B013-7D9DD1334EE5}.Debug|x64.Build.0 = Debug|Any CPU
		{3D186DA1-CAA5-476A-B013-7D9DD1334EE5}.Debug|x86.ActiveCfg = Debug|Any CPU
		{3D186DA1-CAA5-476A-B013-7D9DD1334EE5}.Debug|x86.Build.0 = Debug|Any CPU
		{3D186DA1-CAA5-476A-B013-7D9DD1334EE5}.Release|Any CPU.ActiveCfg = Release|Any CPU
		{3D186DA1-CAA5-476A-B013-7D9DD1334EE5}.Release|Any CPU.Build.0 = Release|Any CPU
		{3D186DA1-CAA5-476A-B013-7D9DD1334EE5}.Release|x64.ActiveCfg = Release|Any CPU
		{3D186DA1-CAA5-476A-B013-7D9DD1334EE5}.Release|x64.Build.0 = Release|Any CPU
		{3D186DA1-CAA5-476A-B013-7D9DD1334EE5}.Release|x86.ActiveCfg = Release|Any CPU
		{3D186DA1-CAA5-476A-B013-7D9DD1334EE5}.Release|x86.Build.0 = Release|Any CPU
	EndGlobalSection
	GlobalSection(SolutionProperties) = preSolution
		HideSolutionNode = FALSE
	EndGlobalSection
EndGlobal
